
Microsoft Visual Studio Solution File, Format Version 12.00
# Visual Studio Version 17
VisualStudioVersion = 17.0.31903.59
MinimumVisualStudioVersion = 10.0.40219.1
Project("{FAE04EC0-301F-11D3-BF4B-00C04F79EFBC}") = "eVend-SysVentas", "eVend-SysVentas\eVend-SysVentas.csproj", "{F40E12A9-9AD9-46C8-A9E0-0ECD72256B53}"
EndProject
Global
	GlobalSection(SolutionConfigurationPlatforms) = preSolution
		Debug|Any CPU = Debug|Any CPU
		Release|Any CPU = Release|Any CPU
	EndGlobalSection
	GlobalSection(SolutionProperties) = preSolution
		HideSolutionNode = FALSE
	EndGlobalSection
	GlobalSection(ProjectConfigurationPlatforms) = postSolution
		{F40E12A9-9AD9-46C8-A9E0-0ECD72256B53}.Debug|Any CPU.ActiveCfg = Debug|Any CPU
		{F40E12A9-9AD9-46C8-A9E0-0ECD72256B53}.Debug|Any CPU.Build.0 = Debug|Any CPU
		{F40E12A9-9AD9-46C8-A9E0-0ECD72256B53}.Release|Any CPU.ActiveCfg = Release|Any CPU
		{F40E12A9-9AD9-46C8-A9E0-0ECD72256B53}.Release|Any CPU.Build.0 = Release|Any CPU
	EndGlobalSection
EndGlobal
