
Microsoft Visual Studio Solution File, Format Version 12.00
# Visual Studio Version 17
VisualStudioVersion = 17.5.002.0
MinimumVisualStudioVersion = 10.0.40219.1
Project("{9A19103F-16F7-4668-BE54-9A1E7A4F7556}") = "eVend-SysVentas", "eVend-SysVentas.csproj", "{74BCFEE6-1441-4D0C-97B2-B97DAE9767CF}"
EndProject
Global
	GlobalSection(SolutionConfigurationPlatforms) = preSolution
		Debug|Any CPU = Debug|Any CPU
		Release|Any CPU = Release|Any CPU
	EndGlobalSection
	GlobalSection(ProjectConfigurationPlatforms) = postSolution
		{74BCFEE6-1441-4D0C-97B2-B97DAE9767CF}.Debug|Any CPU.ActiveCfg = Debug|Any CPU
		{74BCFEE6-1441-4D0C-97B2-B97DAE9767CF}.Debug|Any CPU.Build.0 = Debug|Any CPU
		{74BCFEE6-1441-4D0C-97B2-B97DAE9767CF}.Release|Any CPU.ActiveCfg = Release|Any CPU
		{74BCFEE6-1441-4D0C-97B2-B97DAE9767CF}.Release|Any CPU.Build.0 = Release|Any CPU
	EndGlobalSection
	GlobalSection(SolutionProperties) = preSolution
		HideSolutionNode = FALSE
	EndGlobalSection
	GlobalSection(ExtensibilityGlobals) = postSolution
		SolutionGuid = {5A3B9FC6-D4CA-4E08-A9B9-78441FA1C3AB}
	EndGlobalSection
EndGlobal
